// !$*UTF8*$!
{
	archiveVersion = 1;
	classes = {
	};
	objectVersion = 56;
	objects = {

/* Begin PBXBuildFile section */
		155CA2E42A96A81B00539294 /* FirebaseFirestore in Frameworks */ = {isa = PBXBuildFile; productRef = 155CA2E32A96A81B00539294 /* FirebaseFirestore */; };
		156E833D2A96AA3A008FB534 /* FirebaseFirestoreSwift in Frameworks */ = {isa = PBXBuildFile; productRef = 156E833C2A96AA3A008FB534 /* FirebaseFirestoreSwift */; };
		156E833F2A96B17E008FB534 /* FirestoreDb.swift in Sources */ = {isa = PBXBuildFile; fileRef = 156E833E2A96B17E008FB534 /* FirestoreDb.swift */; };
		15C49BF02A9302EB00B63E92 /* CreateReportView.swift in Sources */ = {isa = PBXBuildFile; fileRef = 15C49BEF2A9302EB00B63E92 /* CreateReportView.swift */; };
		15C49BF42A94F3C300B63E92 /* User.swift in Sources */ = {isa = PBXBuildFile; fileRef = 15C49BF32A94F3C300B63E92 /* User.swift */; };
		15C49BF62A94FA5A00B63E92 /* Report.swift in Sources */ = {isa = PBXBuildFile; fileRef = 15C49BF52A94FA5A00B63E92 /* Report.swift */; };
		15C49BF82A94FA8200B63E92 /* Spot.swift in Sources */ = {isa = PBXBuildFile; fileRef = 15C49BF72A94FA8200B63E92 /* Spot.swift */; };
		15C49C012A956E7200B63E92 /* FirebaseAnalytics in Frameworks */ = {isa = PBXBuildFile; productRef = 15C49C002A956E7200B63E92 /* FirebaseAnalytics */; };
		15C49C032A956E7200B63E92 /* FirebaseAnalyticsSwift in Frameworks */ = {isa = PBXBuildFile; productRef = 15C49C022A956E7200B63E92 /* FirebaseAnalyticsSwift */; };
		15C49C052A956E7200B63E92 /* FirebaseAuth in Frameworks */ = {isa = PBXBuildFile; productRef = 15C49C042A956E7200B63E92 /* FirebaseAuth */; };
		15C49C072A956E7200B63E92 /* FirebaseDatabase in Frameworks */ = {isa = PBXBuildFile; productRef = 15C49C062A956E7200B63E92 /* FirebaseDatabase */; };
		15C49C092A956E7200B63E92 /* FirebaseDatabaseSwift in Frameworks */ = {isa = PBXBuildFile; productRef = 15C49C082A956E7200B63E92 /* FirebaseDatabaseSwift */; };
		15C49C0B2A956E7200B63E92 /* FirebaseStorage in Frameworks */ = {isa = PBXBuildFile; productRef = 15C49C0A2A956E7200B63E92 /* FirebaseStorage */; };
		15C603F02A9651CE00E8A9B0 /* GoogleService-Info.plist in Resources */ = {isa = PBXBuildFile; fileRef = 15C603EF2A9651CE00E8A9B0 /* GoogleService-Info.plist */; };
		15C603F12A9651CE00E8A9B0 /* GoogleService-Info.plist in Resources */ = {isa = PBXBuildFile; fileRef = 15C603EF2A9651CE00E8A9B0 /* GoogleService-Info.plist */; };
		15C603F22A9651CE00E8A9B0 /* GoogleService-Info.plist in Resources */ = {isa = PBXBuildFile; fileRef = 15C603EF2A9651CE00E8A9B0 /* GoogleService-Info.plist */; };
		15FC287C2A8D2A640015CC90 /* SurflineCheckApp.swift in Sources */ = {isa = PBXBuildFile; fileRef = 15FC287B2A8D2A640015CC90 /* SurflineCheckApp.swift */; };
		15FC28802A8D2A640015CC90 /* Assets.xcassets in Resources */ = {isa = PBXBuildFile; fileRef = 15FC287F2A8D2A640015CC90 /* Assets.xcassets */; };
		15FC28842A8D2A640015CC90 /* Preview Assets.xcassets in Resources */ = {isa = PBXBuildFile; fileRef = 15FC28832A8D2A640015CC90 /* Preview Assets.xcassets */; };
		15FC288E2A8D2A640015CC90 /* SurflineCheckTests.swift in Sources */ = {isa = PBXBuildFile; fileRef = 15FC288D2A8D2A640015CC90 /* SurflineCheckTests.swift */; };
		15FC28982A8D2A640015CC90 /* SurflineCheckUITests.swift in Sources */ = {isa = PBXBuildFile; fileRef = 15FC28972A8D2A640015CC90 /* SurflineCheckUITests.swift */; };
		15FC289A2A8D2A640015CC90 /* SurflineCheckUITestsLaunchTests.swift in Sources */ = {isa = PBXBuildFile; fileRef = 15FC28992A8D2A640015CC90 /* SurflineCheckUITestsLaunchTests.swift */; };
		15FC28A92A8D2D6C0015CC90 /* Home.swift in Sources */ = {isa = PBXBuildFile; fileRef = 15FC28A82A8D2D6C0015CC90 /* Home.swift */; };
		15FC28AB2A8D2E670015CC90 /* Theme.swift in Sources */ = {isa = PBXBuildFile; fileRef = 15FC28AA2A8D2E670015CC90 /* Theme.swift */; };
		15FC28AD2A8D2F010015CC90 /* CardView.swift in Sources */ = {isa = PBXBuildFile; fileRef = 15FC28AC2A8D2F010015CC90 /* CardView.swift */; };
		15FC28B32A8ED2500015CC90 /* ReportsView.swift in Sources */ = {isa = PBXBuildFile; fileRef = 15FC28B22A8ED2500015CC90 /* ReportsView.swift */; };
		15FC28B52A8ED3760015CC90 /* FriendsView.swift in Sources */ = {isa = PBXBuildFile; fileRef = 15FC28B42A8ED3760015CC90 /* FriendsView.swift */; };
		15FC28B72A8ED3870015CC90 /* SpotsView.swift in Sources */ = {isa = PBXBuildFile; fileRef = 15FC28B62A8ED3870015CC90 /* SpotsView.swift */; };
/* End PBXBuildFile section */

/* Begin PBXContainerItemProxy section */
		15FC288A2A8D2A640015CC90 /* PBXContainerItemProxy */ = {
			isa = PBXContainerItemProxy;
			containerPortal = 15FC28702A8D2A630015CC90 /* Project object */;
			proxyType = 1;
			remoteGlobalIDString = 15FC28772A8D2A640015CC90;
			remoteInfo = SurflineCheck;
		};
		15FC28942A8D2A640015CC90 /* PBXContainerItemProxy */ = {
			isa = PBXContainerItemProxy;
			containerPortal = 15FC28702A8D2A630015CC90 /* Project object */;
			proxyType = 1;
			remoteGlobalIDString = 15FC28772A8D2A640015CC90;
			remoteInfo = SurflineCheck;
		};
/* End PBXContainerItemProxy section */

/* Begin PBXFileReference section */
		156E833E2A96B17E008FB534 /* FirestoreDb.swift */ = {isa = PBXFileReference; lastKnownFileType = sourcecode.swift; path = FirestoreDb.swift; sourceTree = "<group>"; };
		15C49BEF2A9302EB00B63E92 /* CreateReportView.swift */ = {isa = PBXFileReference; lastKnownFileType = sourcecode.swift; path = CreateReportView.swift; sourceTree = "<group>"; };
		15C49BF32A94F3C300B63E92 /* User.swift */ = {isa = PBXFileReference; fileEncoding = 4; lastKnownFileType = sourcecode.swift; path = User.swift; sourceTree = "<group>"; };
		15C49BF52A94FA5A00B63E92 /* Report.swift */ = {isa = PBXFileReference; lastKnownFileType = sourcecode.swift; path = Report.swift; sourceTree = "<group>"; };
		15C49BF72A94FA8200B63E92 /* Spot.swift */ = {isa = PBXFileReference; lastKnownFileType = sourcecode.swift; path = Spot.swift; sourceTree = "<group>"; };
		15C603EF2A9651CE00E8A9B0 /* GoogleService-Info.plist */ = {isa = PBXFileReference; fileEncoding = 4; lastKnownFileType = text.plist.xml; name = "GoogleService-Info.plist"; path = "../../../../Downloads/GoogleService-Info.plist"; sourceTree = "<group>"; };
		15FC28782A8D2A640015CC90 /* SurflineCheck.app */ = {isa = PBXFileReference; explicitFileType = wrapper.application; includeInIndex = 0; path = SurflineCheck.app; sourceTree = BUILT_PRODUCTS_DIR; };
		15FC287B2A8D2A640015CC90 /* SurflineCheckApp.swift */ = {isa = PBXFileReference; lastKnownFileType = sourcecode.swift; path = SurflineCheckApp.swift; sourceTree = "<group>"; };
		15FC287F2A8D2A640015CC90 /* Assets.xcassets */ = {isa = PBXFileReference; lastKnownFileType = folder.assetcatalog; path = Assets.xcassets; sourceTree = "<group>"; };
		15FC28812A8D2A640015CC90 /* SurflineCheck.entitlements */ = {isa = PBXFileReference; lastKnownFileType = text.plist.entitlements; path = SurflineCheck.entitlements; sourceTree = "<group>"; };
		15FC28832A8D2A640015CC90 /* Preview Assets.xcassets */ = {isa = PBXFileReference; lastKnownFileType = folder.assetcatalog; path = "Preview Assets.xcassets"; sourceTree = "<group>"; };
		15FC28892A8D2A640015CC90 /* SurflineCheckTests.xctest */ = {isa = PBXFileReference; explicitFileType = wrapper.cfbundle; includeInIndex = 0; path = SurflineCheckTests.xctest; sourceTree = BUILT_PRODUCTS_DIR; };
		15FC288D2A8D2A640015CC90 /* SurflineCheckTests.swift */ = {isa = PBXFileReference; lastKnownFileType = sourcecode.swift; path = SurflineCheckTests.swift; sourceTree = "<group>"; };
		15FC28932A8D2A640015CC90 /* SurflineCheckUITests.xctest */ = {isa = PBXFileReference; explicitFileType = wrapper.cfbundle; includeInIndex = 0; path = SurflineCheckUITests.xctest; sourceTree = BUILT_PRODUCTS_DIR; };
		15FC28972A8D2A640015CC90 /* SurflineCheckUITests.swift */ = {isa = PBXFileReference; lastKnownFileType = sourcecode.swift; path = SurflineCheckUITests.swift; sourceTree = "<group>"; };
		15FC28992A8D2A640015CC90 /* SurflineCheckUITestsLaunchTests.swift */ = {isa = PBXFileReference; lastKnownFileType = sourcecode.swift; path = SurflineCheckUITestsLaunchTests.swift; sourceTree = "<group>"; };
		15FC28A82A8D2D6C0015CC90 /* Home.swift */ = {isa = PBXFileReference; lastKnownFileType = sourcecode.swift; path = Home.swift; sourceTree = "<group>"; };
		15FC28AA2A8D2E670015CC90 /* Theme.swift */ = {isa = PBXFileReference; lastKnownFileType = sourcecode.swift; path = Theme.swift; sourceTree = "<group>"; };
		15FC28AC2A8D2F010015CC90 /* CardView.swift */ = {isa = PBXFileReference; lastKnownFileType = sourcecode.swift; path = CardView.swift; sourceTree = "<group>"; };
		15FC28B22A8ED2500015CC90 /* ReportsView.swift */ = {isa = PBXFileReference; lastKnownFileType = sourcecode.swift; path = ReportsView.swift; sourceTree = "<group>"; };
		15FC28B42A8ED3760015CC90 /* FriendsView.swift */ = {isa = PBXFileReference; lastKnownFileType = sourcecode.swift; path = FriendsView.swift; sourceTree = "<group>"; };
		15FC28B62A8ED3870015CC90 /* SpotsView.swift */ = {isa = PBXFileReference; lastKnownFileType = sourcecode.swift; path = SpotsView.swift; sourceTree = "<group>"; };
/* End PBXFileReference section */

/* Begin PBXFrameworksBuildPhase section */
		15FC28752A8D2A640015CC90 /* Frameworks */ = {
			isa = PBXFrameworksBuildPhase;
			buildActionMask = 2147483647;
			files = (
				15C49C092A956E7200B63E92 /* FirebaseDatabaseSwift in Frameworks */,
				15C49C032A956E7200B63E92 /* FirebaseAnalyticsSwift in Frameworks */,
				15C49C052A956E7200B63E92 /* FirebaseAuth in Frameworks */,
				15C49C072A956E7200B63E92 /* FirebaseDatabase in Frameworks */,
				15C49C012A956E7200B63E92 /* FirebaseAnalytics in Frameworks */,
				15C49C0B2A956E7200B63E92 /* FirebaseStorage in Frameworks */,
				155CA2E42A96A81B00539294 /* FirebaseFirestore in Frameworks */,
				156E833D2A96AA3A008FB534 /* FirebaseFirestoreSwift in Frameworks */,
			);
			runOnlyForDeploymentPostprocessing = 0;
		};
		15FC28862A8D2A640015CC90 /* Frameworks */ = {
			isa = PBXFrameworksBuildPhase;
			buildActionMask = 2147483647;
			files = (
			);
			runOnlyForDeploymentPostprocessing = 0;
		};
		15FC28902A8D2A640015CC90 /* Frameworks */ = {
			isa = PBXFrameworksBuildPhase;
			buildActionMask = 2147483647;
			files = (
			);
			runOnlyForDeploymentPostprocessing = 0;
		};
/* End PBXFrameworksBuildPhase section */

/* Begin PBXGroup section */
		155CA2E22A96A81B00539294 /* Frameworks */ = {
			isa = PBXGroup;
			children = (
			);
			name = Frameworks;
			sourceTree = "<group>";
		};
		15FC286F2A8D2A630015CC90 = {
			isa = PBXGroup;
			children = (
				15FC287A2A8D2A640015CC90 /* SurflineCheck */,
				15FC288C2A8D2A640015CC90 /* SurflineCheckTests */,
				15FC28962A8D2A640015CC90 /* SurflineCheckUITests */,
				15FC28792A8D2A640015CC90 /* Products */,
				155CA2E22A96A81B00539294 /* Frameworks */,
			);
			sourceTree = "<group>";
		};
		15FC28792A8D2A640015CC90 /* Products */ = {
			isa = PBXGroup;
			children = (
				15FC28782A8D2A640015CC90 /* SurflineCheck.app */,
				15FC28892A8D2A640015CC90 /* SurflineCheckTests.xctest */,
				15FC28932A8D2A640015CC90 /* SurflineCheckUITests.xctest */,
			);
			name = Products;
			sourceTree = "<group>";
		};
		15FC287A2A8D2A640015CC90 /* SurflineCheck */ = {
			isa = PBXGroup;
			children = (
				15C603EF2A9651CE00E8A9B0 /* GoogleService-Info.plist */,
				15FC28A72A8D2D290015CC90 /* Views */,
				15FC28A62A8D2D230015CC90 /* Models */,
				15FC287B2A8D2A640015CC90 /* SurflineCheckApp.swift */,
				15FC287F2A8D2A640015CC90 /* Assets.xcassets */,
				15FC28812A8D2A640015CC90 /* SurflineCheck.entitlements */,
				15FC28822A8D2A640015CC90 /* Preview Content */,
			);
			path = SurflineCheck;
			sourceTree = "<group>";
		};
		15FC28822A8D2A640015CC90 /* Preview Content */ = {
			isa = PBXGroup;
			children = (
				15FC28832A8D2A640015CC90 /* Preview Assets.xcassets */,
			);
			path = "Preview Content";
			sourceTree = "<group>";
		};
		15FC288C2A8D2A640015CC90 /* SurflineCheckTests */ = {
			isa = PBXGroup;
			children = (
				15FC288D2A8D2A640015CC90 /* SurflineCheckTests.swift */,
			);
			path = SurflineCheckTests;
			sourceTree = "<group>";
		};
		15FC28962A8D2A640015CC90 /* SurflineCheckUITests */ = {
			isa = PBXGroup;
			children = (
				15FC28972A8D2A640015CC90 /* SurflineCheckUITests.swift */,
				15FC28992A8D2A640015CC90 /* SurflineCheckUITestsLaunchTests.swift */,
			);
			path = SurflineCheckUITests;
			sourceTree = "<group>";
		};
		15FC28A62A8D2D230015CC90 /* Models */ = {
			isa = PBXGroup;
			children = (
				15C49BF32A94F3C300B63E92 /* User.swift */,
				15FC28AA2A8D2E670015CC90 /* Theme.swift */,
				15C49BF52A94FA5A00B63E92 /* Report.swift */,
				15C49BF72A94FA8200B63E92 /* Spot.swift */,
				156E833E2A96B17E008FB534 /* FirestoreDb.swift */,
			);
			path = Models;
			sourceTree = "<group>";
		};
		15FC28A72A8D2D290015CC90 /* Views */ = {
			isa = PBXGroup;
			children = (
				15FC28A82A8D2D6C0015CC90 /* Home.swift */,
				15FC28AC2A8D2F010015CC90 /* CardView.swift */,
				15FC28B22A8ED2500015CC90 /* ReportsView.swift */,
				15FC28B42A8ED3760015CC90 /* FriendsView.swift */,
				15FC28B62A8ED3870015CC90 /* SpotsView.swift */,
				15C49BEF2A9302EB00B63E92 /* CreateReportView.swift */,
			);
			path = Views;
			sourceTree = "<group>";
		};
/* End PBXGroup section */

/* Begin PBXNativeTarget section */
		15FC28772A8D2A640015CC90 /* SurflineCheck */ = {
			isa = PBXNativeTarget;
			buildConfigurationList = 15FC289D2A8D2A640015CC90 /* Build configuration list for PBXNativeTarget "SurflineCheck" */;
			buildPhases = (
				15FC28742A8D2A640015CC90 /* Sources */,
				15FC28752A8D2A640015CC90 /* Frameworks */,
				15FC28762A8D2A640015CC90 /* Resources */,
			);
			buildRules = (
			);
			dependencies = (
			);
			name = SurflineCheck;
			packageProductDependencies = (
				15C49C002A956E7200B63E92 /* FirebaseAnalytics */,
				15C49C022A956E7200B63E92 /* FirebaseAnalyticsSwift */,
				15C49C042A956E7200B63E92 /* FirebaseAuth */,
				15C49C062A956E7200B63E92 /* FirebaseDatabase */,
				15C49C082A956E7200B63E92 /* FirebaseDatabaseSwift */,
				15C49C0A2A956E7200B63E92 /* FirebaseStorage */,
				155CA2E32A96A81B00539294 /* FirebaseFirestore */,
				156E833C2A96AA3A008FB534 /* FirebaseFirestoreSwift */,
			);
			productName = SurflineCheck;
			productReference = 15FC28782A8D2A640015CC90 /* SurflineCheck.app */;
			productType = "com.apple.product-type.application";
		};
		15FC28882A8D2A640015CC90 /* SurflineCheckTests */ = {
			isa = PBXNativeTarget;
			buildConfigurationList = 15FC28A02A8D2A640015CC90 /* Build configuration list for PBXNativeTarget "SurflineCheckTests" */;
			buildPhases = (
				15FC28852A8D2A640015CC90 /* Sources */,
				15FC28862A8D2A640015CC90 /* Frameworks */,
				15FC28872A8D2A640015CC90 /* Resources */,
			);
			buildRules = (
			);
			dependencies = (
				15FC288B2A8D2A640015CC90 /* PBXTargetDependency */,
			);
			name = SurflineCheckTests;
			productName = SurflineCheckTests;
			productReference = 15FC28892A8D2A640015CC90 /* SurflineCheckTests.xctest */;
			productType = "com.apple.product-type.bundle.unit-test";
		};
		15FC28922A8D2A640015CC90 /* SurflineCheckUITests */ = {
			isa = PBXNativeTarget;
			buildConfigurationList = 15FC28A32A8D2A640015CC90 /* Build configuration list for PBXNativeTarget "SurflineCheckUITests" */;
			buildPhases = (
				15FC288F2A8D2A640015CC90 /* Sources */,
				15FC28902A8D2A640015CC90 /* Frameworks */,
				15FC28912A8D2A640015CC90 /* Resources */,
			);
			buildRules = (
			);
			dependencies = (
				15FC28952A8D2A640015CC90 /* PBXTargetDependency */,
			);
			name = SurflineCheckUITests;
			productName = SurflineCheckUITests;
			productReference = 15FC28932A8D2A640015CC90 /* SurflineCheckUITests.xctest */;
			productType = "com.apple.product-type.bundle.ui-testing";
		};
/* End PBXNativeTarget section */

/* Begin PBXProject section */
		15FC28702A8D2A630015CC90 /* Project object */ = {
			isa = PBXProject;
			attributes = {
				BuildIndependentTargetsInParallel = 1;
				LastSwiftUpdateCheck = 1430;
				LastUpgradeCheck = 1430;
				TargetAttributes = {
					15FC28772A8D2A640015CC90 = {
						CreatedOnToolsVersion = 14.3.1;
					};
					15FC28882A8D2A640015CC90 = {
						CreatedOnToolsVersion = 14.3.1;
						TestTargetID = 15FC28772A8D2A640015CC90;
					};
					15FC28922A8D2A640015CC90 = {
						CreatedOnToolsVersion = 14.3.1;
						TestTargetID = 15FC28772A8D2A640015CC90;
					};
				};
			};
			buildConfigurationList = 15FC28732A8D2A630015CC90 /* Build configuration list for PBXProject "SurflineCheck" */;
			compatibilityVersion = "Xcode 14.0";
			developmentRegion = en;
			hasScannedForEncodings = 0;
			knownRegions = (
				en,
				Base,
			);
			mainGroup = 15FC286F2A8D2A630015CC90;
			packageReferences = (
				15C49BFF2A956E7200B63E92 /* XCRemoteSwiftPackageReference "firebase-ios-sdk" */,
			);
			productRefGroup = 15FC28792A8D2A640015CC90 /* Products */;
			projectDirPath = "";
			projectRoot = "";
			targets = (
				15FC28772A8D2A640015CC90 /* SurflineCheck */,
				15FC28882A8D2A640015CC90 /* SurflineCheckTests */,
				15FC28922A8D2A640015CC90 /* SurflineCheckUITests */,
			);
		};
/* End PBXProject section */

/* Begin PBXResourcesBuildPhase section */
		15FC28762A8D2A640015CC90 /* Resources */ = {
			isa = PBXResourcesBuildPhase;
			buildActionMask = 2147483647;
			files = (
				15FC28842A8D2A640015CC90 /* Preview Assets.xcassets in Resources */,
				15FC28802A8D2A640015CC90 /* Assets.xcassets in Resources */,
				15C603F02A9651CE00E8A9B0 /* GoogleService-Info.plist in Resources */,
			);
			runOnlyForDeploymentPostprocessing = 0;
		};
		15FC28872A8D2A640015CC90 /* Resources */ = {
			isa = PBXResourcesBuildPhase;
			buildActionMask = 2147483647;
			files = (
				15C603F12A9651CE00E8A9B0 /* GoogleService-Info.plist in Resources */,
			);
			runOnlyForDeploymentPostprocessing = 0;
		};
		15FC28912A8D2A640015CC90 /* Resources */ = {
			isa = PBXResourcesBuildPhase;
			buildActionMask = 2147483647;
			files = (
				15C603F22A9651CE00E8A9B0 /* GoogleService-Info.plist in Resources */,
			);
			runOnlyForDeploymentPostprocessing = 0;
		};
/* End PBXResourcesBuildPhase section */

/* Begin PBXSourcesBuildPhase section */
		15FC28742A8D2A640015CC90 /* Sources */ = {
			isa = PBXSourcesBuildPhase;
			buildActionMask = 2147483647;
			files = (
				15FC28AB2A8D2E670015CC90 /* Theme.swift in Sources */,
				15C49BF62A94FA5A00B63E92 /* Report.swift in Sources */,
				15FC28B72A8ED3870015CC90 /* SpotsView.swift in Sources */,
				15FC28A92A8D2D6C0015CC90 /* Home.swift in Sources */,
				15FC28B52A8ED3760015CC90 /* FriendsView.swift in Sources */,
				156E833F2A96B17E008FB534 /* FirestoreDb.swift in Sources */,
				15C49BF02A9302EB00B63E92 /* CreateReportView.swift in Sources */,
				15C49BF42A94F3C300B63E92 /* User.swift in Sources */,
				15FC28B32A8ED2500015CC90 /* ReportsView.swift in Sources */,
				15C49BF82A94FA8200B63E92 /* Spot.swift in Sources */,
				15FC28AD2A8D2F010015CC90 /* CardView.swift in Sources */,
				15FC287C2A8D2A640015CC90 /* SurflineCheckApp.swift in Sources */,
			);
			runOnlyForDeploymentPostprocessing = 0;
		};
		15FC28852A8D2A640015CC90 /* Sources */ = {
			isa = PBXSourcesBuildPhase;
			buildActionMask = 2147483647;
			files = (
				15FC288E2A8D2A640015CC90 /* SurflineCheckTests.swift in Sources */,
			);
			runOnlyForDeploymentPostprocessing = 0;
		};
		15FC288F2A8D2A640015CC90 /* Sources */ = {
			isa = PBXSourcesBuildPhase;
			buildActionMask = 2147483647;
			files = (
				15FC28982A8D2A640015CC90 /* SurflineCheckUITests.swift in Sources */,
				15FC289A2A8D2A640015CC90 /* SurflineCheckUITestsLaunchTests.swift in Sources */,
			);
			runOnlyForDeploymentPostprocessing = 0;
		};
/* End PBXSourcesBuildPhase section */

/* Begin PBXTargetDependency section */
		15FC288B2A8D2A640015CC90 /* PBXTargetDependency */ = {
			isa = PBXTargetDependency;
			target = 15FC28772A8D2A640015CC90 /* SurflineCheck */;
			targetProxy = 15FC288A2A8D2A640015CC90 /* PBXContainerItemProxy */;
		};
		15FC28952A8D2A640015CC90 /* PBXTargetDependency */ = {
			isa = PBXTargetDependency;
			target = 15FC28772A8D2A640015CC90 /* SurflineCheck */;
			targetProxy = 15FC28942A8D2A640015CC90 /* PBXContainerItemProxy */;
		};
/* End PBXTargetDependency section */

/* Begin XCBuildConfiguration section */
		15FC289B2A8D2A640015CC90 /* Debug */ = {
			isa = XCBuildConfiguration;
			buildSettings = {
				ALWAYS_SEARCH_USER_PATHS = NO;
				CLANG_ANALYZER_NONNULL = YES;
				CLANG_ANALYZER_NUMBER_OBJECT_CONVERSION = YES_AGGRESSIVE;
				CLANG_CXX_LANGUAGE_STANDARD = "gnu++20";
				CLANG_ENABLE_MODULES = YES;
				CLANG_ENABLE_OBJC_ARC = YES;
				CLANG_ENABLE_OBJC_WEAK = YES;
				CLANG_WARN_BLOCK_CAPTURE_AUTORELEASING = YES;
				CLANG_WARN_BOOL_CONVERSION = YES;
				CLANG_WARN_COMMA = YES;
				CLANG_WARN_CONSTANT_CONVERSION = YES;
				CLANG_WARN_DEPRECATED_OBJC_IMPLEMENTATIONS = YES;
				CLANG_WARN_DIRECT_OBJC_ISA_USAGE = YES_ERROR;
				CLANG_WARN_DOCUMENTATION_COMMENTS = YES;
				CLANG_WARN_EMPTY_BODY = YES;
				CLANG_WARN_ENUM_CONVERSION = YES;
				CLANG_WARN_INFINITE_RECURSION = YES;
				CLANG_WARN_INT_CONVERSION = YES;
				CLANG_WARN_NON_LITERAL_NULL_CONVERSION = YES;
				CLANG_WARN_OBJC_IMPLICIT_RETAIN_SELF = YES;
				CLANG_WARN_OBJC_LITERAL_CONVERSION = YES;
				CLANG_WARN_OBJC_ROOT_CLASS = YES_ERROR;
				CLANG_WARN_QUOTED_INCLUDE_IN_FRAMEWORK_HEADER = YES;
				CLANG_WARN_RANGE_LOOP_ANALYSIS = YES;
				CLANG_WARN_STRICT_PROTOTYPES = YES;
				CLANG_WARN_SUSPICIOUS_MOVE = YES;
				CLANG_WARN_UNGUARDED_AVAILABILITY = YES_AGGRESSIVE;
				CLANG_WARN_UNREACHABLE_CODE = YES;
				CLANG_WARN__DUPLICATE_METHOD_MATCH = YES;
				COPY_PHASE_STRIP = NO;
				DEBUG_INFORMATION_FORMAT = dwarf;
				ENABLE_STRICT_OBJC_MSGSEND = YES;
				ENABLE_TESTABILITY = YES;
				GCC_C_LANGUAGE_STANDARD = gnu11;
				GCC_DYNAMIC_NO_PIC = NO;
				GCC_NO_COMMON_BLOCKS = YES;
				GCC_OPTIMIZATION_LEVEL = 0;
				GCC_PREPROCESSOR_DEFINITIONS = (
					"DEBUG=1",
					"$(inherited)",
				);
				GCC_WARN_64_TO_32_BIT_CONVERSION = YES;
				GCC_WARN_ABOUT_RETURN_TYPE = YES_ERROR;
				GCC_WARN_UNDECLARED_SELECTOR = YES;
				GCC_WARN_UNINITIALIZED_AUTOS = YES_AGGRESSIVE;
				GCC_WARN_UNUSED_FUNCTION = YES;
				GCC_WARN_UNUSED_VARIABLE = YES;
				MTL_ENABLE_DEBUG_INFO = INCLUDE_SOURCE;
				MTL_FAST_MATH = YES;
				ONLY_ACTIVE_ARCH = YES;
				SWIFT_ACTIVE_COMPILATION_CONDITIONS = DEBUG;
				SWIFT_OPTIMIZATION_LEVEL = "-Onone";
			};
			name = Debug;
		};
		15FC289C2A8D2A640015CC90 /* Release */ = {
			isa = XCBuildConfiguration;
			buildSettings = {
				ALWAYS_SEARCH_USER_PATHS = NO;
				CLANG_ANALYZER_NONNULL = YES;
				CLANG_ANALYZER_NUMBER_OBJECT_CONVERSION = YES_AGGRESSIVE;
				CLANG_CXX_LANGUAGE_STANDARD = "gnu++20";
				CLANG_ENABLE_MODULES = YES;
				CLANG_ENABLE_OBJC_ARC = YES;
				CLANG_ENABLE_OBJC_WEAK = YES;
				CLANG_WARN_BLOCK_CAPTURE_AUTORELEASING = YES;
				CLANG_WARN_BOOL_CONVERSION = YES;
				CLANG_WARN_COMMA = YES;
				CLANG_WARN_CONSTANT_CONVERSION = YES;
				CLANG_WARN_DEPRECATED_OBJC_IMPLEMENTATIONS = YES;
				CLANG_WARN_DIRECT_OBJC_ISA_USAGE = YES_ERROR;
				CLANG_WARN_DOCUMENTATION_COMMENTS = YES;
				CLANG_WARN_EMPTY_BODY = YES;
				CLANG_WARN_ENUM_CONVERSION = YES;
				CLANG_WARN_INFINITE_RECURSION = YES;
				CLANG_WARN_INT_CONVERSION = YES;
				CLANG_WARN_NON_LITERAL_NULL_CONVERSION = YES;
				CLANG_WARN_OBJC_IMPLICIT_RETAIN_SELF = YES;
				CLANG_WARN_OBJC_LITERAL_CONVERSION = YES;
				CLANG_WARN_OBJC_ROOT_CLASS = YES_ERROR;
				CLANG_WARN_QUOTED_INCLUDE_IN_FRAMEWORK_HEADER = YES;
				CLANG_WARN_RANGE_LOOP_ANALYSIS = YES;
				CLANG_WARN_STRICT_PROTOTYPES = YES;
				CLANG_WARN_SUSPICIOUS_MOVE = YES;
				CLANG_WARN_UNGUARDED_AVAILABILITY = YES_AGGRESSIVE;
				CLANG_WARN_UNREACHABLE_CODE = YES;
				CLANG_WARN__DUPLICATE_METHOD_MATCH = YES;
				COPY_PHASE_STRIP = NO;
				DEBUG_INFORMATION_FORMAT = "dwarf-with-dsym";
				ENABLE_NS_ASSERTIONS = NO;
				ENABLE_STRICT_OBJC_MSGSEND = YES;
				GCC_C_LANGUAGE_STANDARD = gnu11;
				GCC_NO_COMMON_BLOCKS = YES;
				GCC_WARN_64_TO_32_BIT_CONVERSION = YES;
				GCC_WARN_ABOUT_RETURN_TYPE = YES_ERROR;
				GCC_WARN_UNDECLARED_SELECTOR = YES;
				GCC_WARN_UNINITIALIZED_AUTOS = YES_AGGRESSIVE;
				GCC_WARN_UNUSED_FUNCTION = YES;
				GCC_WARN_UNUSED_VARIABLE = YES;
				MTL_ENABLE_DEBUG_INFO = NO;
				MTL_FAST_MATH = YES;
				SWIFT_COMPILATION_MODE = wholemodule;
				SWIFT_OPTIMIZATION_LEVEL = "-O";
			};
			name = Release;
		};
		15FC289E2A8D2A640015CC90 /* Debug */ = {
			isa = XCBuildConfiguration;
			buildSettings = {
				ASSETCATALOG_COMPILER_APPICON_NAME = AppIcon;
				ASSETCATALOG_COMPILER_GLOBAL_ACCENT_COLOR_NAME = AccentColor;
				CODE_SIGN_ENTITLEMENTS = SurflineCheck/SurflineCheck.entitlements;
				CODE_SIGN_STYLE = Automatic;
				CURRENT_PROJECT_VERSION = 1;
				DEVELOPMENT_ASSET_PATHS = "\"SurflineCheck/Preview Content\"";
				DEVELOPMENT_TEAM = SMTVG34U9R;
				ENABLE_HARDENED_RUNTIME = YES;
				ENABLE_PREVIEWS = YES;
				GENERATE_INFOPLIST_FILE = YES;
				"INFOPLIST_KEY_UIApplicationSceneManifest_Generation[sdk=iphoneos*]" = YES;
				"INFOPLIST_KEY_UIApplicationSceneManifest_Generation[sdk=iphonesimulator*]" = YES;
				"INFOPLIST_KEY_UIApplicationSupportsIndirectInputEvents[sdk=iphoneos*]" = YES;
				"INFOPLIST_KEY_UIApplicationSupportsIndirectInputEvents[sdk=iphonesimulator*]" = YES;
				"INFOPLIST_KEY_UILaunchScreen_Generation[sdk=iphoneos*]" = YES;
				"INFOPLIST_KEY_UILaunchScreen_Generation[sdk=iphonesimulator*]" = YES;
				"INFOPLIST_KEY_UIStatusBarStyle[sdk=iphoneos*]" = UIStatusBarStyleDefault;
				"INFOPLIST_KEY_UIStatusBarStyle[sdk=iphonesimulator*]" = UIStatusBarStyleDefault;
				INFOPLIST_KEY_UISupportedInterfaceOrientations_iPad = "UIInterfaceOrientationPortrait UIInterfaceOrientationPortraitUpsideDown UIInterfaceOrientationLandscapeLeft UIInterfaceOrientationLandscapeRight";
				INFOPLIST_KEY_UISupportedInterfaceOrientations_iPhone = "UIInterfaceOrientationPortrait UIInterfaceOrientationLandscapeLeft UIInterfaceOrientationLandscapeRight";
				IPHONEOS_DEPLOYMENT_TARGET = 16.4;
				LD_RUNPATH_SEARCH_PATHS = "@executable_path/Frameworks";
				"LD_RUNPATH_SEARCH_PATHS[sdk=macosx*]" = "@executable_path/../Frameworks";
				MACOSX_DEPLOYMENT_TARGET = 13.3;
				MARKETING_VERSION = 1.0;
				PRODUCT_BUNDLE_IDENTIFIER = main.SurflineCheck;
				PRODUCT_NAME = "$(TARGET_NAME)";
				SDKROOT = auto;
				SUPPORTED_PLATFORMS = "iphoneos iphonesimulator macosx";
				SWIFT_EMIT_LOC_STRINGS = YES;
				SWIFT_VERSION = 5.0;
				TARGETED_DEVICE_FAMILY = "1,2";
			};
			name = Debug;
		};
		15FC289F2A8D2A640015CC90 /* Release */ = {
			isa = XCBuildConfiguration;
			buildSettings = {
				ASSETCATALOG_COMPILER_APPICON_NAME = AppIcon;
				ASSETCATALOG_COMPILER_GLOBAL_ACCENT_COLOR_NAME = AccentColor;
				CODE_SIGN_ENTITLEMENTS = SurflineCheck/SurflineCheck.entitlements;
				CODE_SIGN_STYLE = Automatic;
				CURRENT_PROJECT_VERSION = 1;
				DEVELOPMENT_ASSET_PATHS = "\"SurflineCheck/Preview Content\"";
				DEVELOPMENT_TEAM = SMTVG34U9R;
				ENABLE_HARDENED_RUNTIME = YES;
				ENABLE_PREVIEWS = YES;
				GENERATE_INFOPLIST_FILE = YES;
				"INFOPLIST_KEY_UIApplicationSceneManifest_Generation[sdk=iphoneos*]" = YES;
				"INFOPLIST_KEY_UIApplicationSceneManifest_Generation[sdk=iphonesimulator*]" = YES;
				"INFOPLIST_KEY_UIApplicationSupportsIndirectInputEvents[sdk=iphoneos*]" = YES;
				"INFOPLIST_KEY_UIApplicationSupportsIndirectInputEvents[sdk=iphonesimulator*]" = YES;
				"INFOPLIST_KEY_UILaunchScreen_Generation[sdk=iphoneos*]" = YES;
				"INFOPLIST_KEY_UILaunchScreen_Generation[sdk=iphonesimulator*]" = YES;
				"INFOPLIST_KEY_UIStatusBarStyle[sdk=iphoneos*]" = UIStatusBarStyleDefault;
				"INFOPLIST_KEY_UIStatusBarStyle[sdk=iphonesimulator*]" = UIStatusBarStyleDefault;
				INFOPLIST_KEY_UISupportedInterfaceOrientations_iPad = "UIInterfaceOrientationPortrait UIInterfaceOrientationPortraitUpsideDown UIInterfaceOrientationLandscapeLeft UIInterfaceOrientationLandscapeRight";
				INFOPLIST_KEY_UISupportedInterfaceOrientations_iPhone = "UIInterfaceOrientationPortrait UIInterfaceOrientationLandscapeLeft UIInterfaceOrientationLandscapeRight";
				IPHONEOS_DEPLOYMENT_TARGET = 16.4;
				LD_RUNPATH_SEARCH_PATHS = "@executable_path/Frameworks";
				"LD_RUNPATH_SEARCH_PATHS[sdk=macosx*]" = "@executable_path/../Frameworks";
				MACOSX_DEPLOYMENT_TARGET = 13.3;
				MARKETING_VERSION = 1.0;
				PRODUCT_BUNDLE_IDENTIFIER = main.SurflineCheck;
				PRODUCT_NAME = "$(TARGET_NAME)";
				SDKROOT = auto;
				SUPPORTED_PLATFORMS = "iphoneos iphonesimulator macosx";
				SWIFT_EMIT_LOC_STRINGS = YES;
				SWIFT_VERSION = 5.0;
				TARGETED_DEVICE_FAMILY = "1,2";
			};
			name = Release;
		};
		15FC28A12A8D2A640015CC90 /* Debug */ = {
			isa = XCBuildConfiguration;
			buildSettings = {
				ALWAYS_EMBED_SWIFT_STANDARD_LIBRARIES = YES;
				BUNDLE_LOADER = "$(TEST_HOST)";
				CODE_SIGN_STYLE = Automatic;
				CURRENT_PROJECT_VERSION = 1;
				DEVELOPMENT_TEAM = SMTVG34U9R;
				GENERATE_INFOPLIST_FILE = YES;
				IPHONEOS_DEPLOYMENT_TARGET = 16.4;
				MACOSX_DEPLOYMENT_TARGET = 13.3;
				MARKETING_VERSION = 1.0;
				PRODUCT_BUNDLE_IDENTIFIER = main.SurflineCheckTests;
				PRODUCT_NAME = "$(TARGET_NAME)";
				SDKROOT = auto;
				SUPPORTED_PLATFORMS = "iphoneos iphonesimulator macosx";
				SWIFT_EMIT_LOC_STRINGS = NO;
				SWIFT_VERSION = 5.0;
				TARGETED_DEVICE_FAMILY = "1,2";
				TEST_HOST = "$(BUILT_PRODUCTS_DIR)/SurflineCheck.app/$(BUNDLE_EXECUTABLE_FOLDER_PATH)/SurflineCheck";
			};
			name = Debug;
		};
		15FC28A22A8D2A640015CC90 /* Release */ = {
			isa = XCBuildConfiguration;
			buildSettings = {
				ALWAYS_EMBED_SWIFT_STANDARD_LIBRARIES = YES;
				BUNDLE_LOADER = "$(TEST_HOST)";
				CODE_SIGN_STYLE = Automatic;
				CURRENT_PROJECT_VERSION = 1;
				DEVELOPMENT_TEAM = SMTVG34U9R;
				GENERATE_INFOPLIST_FILE = YES;
				IPHONEOS_DEPLOYMENT_TARGET = 16.4;
				MACOSX_DEPLOYMENT_TARGET = 13.3;
				MARKETING_VERSION = 1.0;
				PRODUCT_BUNDLE_IDENTIFIER = main.SurflineCheckTests;
				PRODUCT_NAME = "$(TARGET_NAME)";
				SDKROOT = auto;
				SUPPORTED_PLATFORMS = "iphoneos iphonesimulator macosx";
				SWIFT_EMIT_LOC_STRINGS = NO;
				SWIFT_VERSION = 5.0;
				TARGETED_DEVICE_FAMILY = "1,2";
				TEST_HOST = "$(BUILT_PRODUCTS_DIR)/SurflineCheck.app/$(BUNDLE_EXECUTABLE_FOLDER_PATH)/SurflineCheck";
			};
			name = Release;
		};
		15FC28A42A8D2A640015CC90 /* Debug */ = {
			isa = XCBuildConfiguration;
			buildSettings = {
				ALWAYS_EMBED_SWIFT_STANDARD_LIBRARIES = YES;
				CODE_SIGN_STYLE = Automatic;
				CURRENT_PROJECT_VERSION = 1;
				DEVELOPMENT_TEAM = SMTVG34U9R;
				GENERATE_INFOPLIST_FILE = YES;
				IPHONEOS_DEPLOYMENT_TARGET = 16.4;
				MACOSX_DEPLOYMENT_TARGET = 13.3;
				MARKETING_VERSION = 1.0;
				PRODUCT_BUNDLE_IDENTIFIER = main.SurflineCheckUITests;
				PRODUCT_NAME = "$(TARGET_NAME)";
				SDKROOT = auto;
				SUPPORTED_PLATFORMS = "iphoneos iphonesimulator macosx";
				SWIFT_EMIT_LOC_STRINGS = NO;
				SWIFT_VERSION = 5.0;
				TARGETED_DEVICE_FAMILY = "1,2";
				TEST_TARGET_NAME = SurflineCheck;
			};
			name = Debug;
		};
		15FC28A52A8D2A640015CC90 /* Release */ = {
			isa = XCBuildConfiguration;
			buildSettings = {
				ALWAYS_EMBED_SWIFT_STANDARD_LIBRARIES = YES;
				CODE_SIGN_STYLE = Automatic;
				CURRENT_PROJECT_VERSION = 1;
				DEVELOPMENT_TEAM = SMTVG34U9R;
				GENERATE_INFOPLIST_FILE = YES;
				IPHONEOS_DEPLOYMENT_TARGET = 16.4;
				MACOSX_DEPLOYMENT_TARGET = 13.3;
				MARKETING_VERSION = 1.0;
				PRODUCT_BUNDLE_IDENTIFIER = main.SurflineCheckUITests;
				PRODUCT_NAME = "$(TARGET_NAME)";
				SDKROOT = auto;
				SUPPORTED_PLATFORMS = "iphoneos iphonesimulator macosx";
				SWIFT_EMIT_LOC_STRINGS = NO;
				SWIFT_VERSION = 5.0;
				TARGETED_DEVICE_FAMILY = "1,2";
				TEST_TARGET_NAME = SurflineCheck;
			};
			name = Release;
		};
/* End XCBuildConfiguration section */

/* Begin XCConfigurationList section */
		15FC28732A8D2A630015CC90 /* Build configuration list for PBXProject "SurflineCheck" */ = {
			isa = XCConfigurationList;
			buildConfigurations = (
				15FC289B2A8D2A640015CC90 /* Debug */,
				15FC289C2A8D2A640015CC90 /* Release */,
			);
			defaultConfigurationIsVisible = 0;
			defaultConfigurationName = Release;
		};
		15FC289D2A8D2A640015CC90 /* Build configuration list for PBXNativeTarget "SurflineCheck" */ = {
			isa = XCConfigurationList;
			buildConfigurations = (
				15FC289E2A8D2A640015CC90 /* Debug */,
				15FC289F2A8D2A640015CC90 /* Release */,
			);
			defaultConfigurationIsVisible = 0;
			defaultConfigurationName = Release;
		};
		15FC28A02A8D2A640015CC90 /* Build configuration list for PBXNativeTarget "SurflineCheckTests" */ = {
			isa = XCConfigurationList;
			buildConfigurations = (
				15FC28A12A8D2A640015CC90 /* Debug */,
				15FC28A22A8D2A640015CC90 /* Release */,
			);
			defaultConfigurationIsVisible = 0;
			defaultConfigurationName = Release;
		};
		15FC28A32A8D2A640015CC90 /* Build configuration list for PBXNativeTarget "SurflineCheckUITests" */ = {
			isa = XCConfigurationList;
			buildConfigurations = (
				15FC28A42A8D2A640015CC90 /* Debug */,
				15FC28A52A8D2A640015CC90 /* Release */,
			);
			defaultConfigurationIsVisible = 0;
			defaultConfigurationName = Release;
		};
/* End XCConfigurationList section */

/* Begin XCRemoteSwiftPackageReference section */
		15C49BFF2A956E7200B63E92 /* XCRemoteSwiftPackageReference "firebase-ios-sdk" */ = {
			isa = XCRemoteSwiftPackageReference;
			repositoryURL = "https://github.com/firebase/firebase-ios-sdk";
			requirement = {
				kind = upToNextMajorVersion;
				minimumVersion = 10.0.0;
			};
		};
/* End XCRemoteSwiftPackageReference section */

/* Begin XCSwiftPackageProductDependency section */
		155CA2E32A96A81B00539294 /* FirebaseFirestore */ = {
			isa = XCSwiftPackageProductDependency;
			package = 15C49BFF2A956E7200B63E92 /* XCRemoteSwiftPackageReference "firebase-ios-sdk" */;
			productName = FirebaseFirestore;
		};
		156E833C2A96AA3A008FB534 /* FirebaseFirestoreSwift */ = {
			isa = XCSwiftPackageProductDependency;
			package = 15C49BFF2A956E7200B63E92 /* XCRemoteSwiftPackageReference "firebase-ios-sdk" */;
			productName = FirebaseFirestoreSwift;
		};
		15C49C002A956E7200B63E92 /* FirebaseAnalytics */ = {
			isa = XCSwiftPackageProductDependency;
			package = 15C49BFF2A956E7200B63E92 /* XCRemoteSwiftPackageReference "firebase-ios-sdk" */;
			productName = FirebaseAnalytics;
		};
		15C49C022A956E7200B63E92 /* FirebaseAnalyticsSwift */ = {
			isa = XCSwiftPackageProductDependency;
			package = 15C49BFF2A956E7200B63E92 /* XCRemoteSwiftPackageReference "firebase-ios-sdk" */;
			productName = FirebaseAnalyticsSwift;
		};
		15C49C042A956E7200B63E92 /* FirebaseAuth */ = {
			isa = XCSwiftPackageProductDependency;
			package = 15C49BFF2A956E7200B63E92 /* XCRemoteSwiftPackageReference "firebase-ios-sdk" */;
			productName = FirebaseAuth;
		};
		15C49C062A956E7200B63E92 /* FirebaseDatabase */ = {
			isa = XCSwiftPackageProductDependency;
			package = 15C49BFF2A956E7200B63E92 /* XCRemoteSwiftPackageReference "firebase-ios-sdk" */;
			productName = FirebaseDatabase;
		};
		15C49C082A956E7200B63E92 /* FirebaseDatabaseSwift */ = {
			isa = XCSwiftPackageProductDependency;
			package = 15C49BFF2A956E7200B63E92 /* XCRemoteSwiftPackageReference "firebase-ios-sdk" */;
			productName = FirebaseDatabaseSwift;
		};
		15C49C0A2A956E7200B63E92 /* FirebaseStorage */ = {
			isa = XCSwiftPackageProductDependency;
			package = 15C49BFF2A956E7200B63E92 /* XCRemoteSwiftPackageReference "firebase-ios-sdk" */;
			productName = FirebaseStorage;
		};
/* End XCSwiftPackageProductDependency section */
	};
	rootObject = 15FC28702A8D2A630015CC90 /* Project object */;
}
